
Microsoft Visual Studio Solution File, Format Version 12.00
# Visual Studio Version 17
VisualStudioVersion = 17.7.34221.43
MinimumVisualStudioVersion = 10.0.40219.1
Project("{FAE04EC0-301F-11D3-BF4B-00C04F79EFBC}") = "StateDesignPattern", "StateDesignPattern\StateDesignPattern.csproj", "{951E47A3-2EE3-436F-A613-FD8B0356CD83}"
EndProject
Global
	GlobalSection(SolutionConfigurationPlatforms) = preSolution
		Debug|Any CPU = Debug|Any CPU
		Release|Any CPU = Release|Any CPU
	EndGlobalSection
	GlobalSection(ProjectConfigurationPlatforms) = postSolution
		{951E47A3-2EE3-436F-A613-FD8B0356CD83}.Debug|Any CPU.ActiveCfg = Debug|Any CPU
		{951E47A3-2EE3-436F-A613-FD8B0356CD83}.Debug|Any CPU.Build.0 = Debug|Any CPU
		{951E47A3-2EE3-436F-A613-FD8B0356CD83}.Release|Any CPU.ActiveCfg = Release|Any CPU
		{951E47A3-2EE3-436F-A613-FD8B0356CD83}.Release|Any CPU.Build.0 = Release|Any CPU
	EndGlobalSection
	GlobalSection(SolutionProperties) = preSolution
		HideSolutionNode = FALSE
	EndGlobalSection
	GlobalSection(ExtensibilityGlobals) = postSolution
		SolutionGuid = {58AF5957-1D29-4652-B474-86963AC1292F}
	EndGlobalSection
EndGlobal
