
Microsoft Visual Studio Solution File, Format Version 12.00
# Visual Studio Version 17
VisualStudioVersion = 17.7.34031.279
MinimumVisualStudioVersion = 10.0.40219.1
Project("{FAE04EC0-301F-11D3-BF4B-00C04F79EFBC}") = "AbstractionExample2", "AbstractionExample2\AbstractionExample2.csproj", "{AE5861EA-0F0B-4131-BFD6-7696C2E6BCF0}"
EndProject
Global
	GlobalSection(SolutionConfigurationPlatforms) = preSolution
		Debug|Any CPU = Debug|Any CPU
		Release|Any CPU = Release|Any CPU
	EndGlobalSection
	GlobalSection(ProjectConfigurationPlatforms) = postSolution
		{AE5861EA-0F0B-4131-BFD6-7696C2E6BCF0}.Debug|Any CPU.ActiveCfg = Debug|Any CPU
		{AE5861EA-0F0B-4131-BFD6-7696C2E6BCF0}.Debug|Any CPU.Build.0 = Debug|Any CPU
		{AE5861EA-0F0B-4131-BFD6-7696C2E6BCF0}.Release|Any CPU.ActiveCfg = Release|Any CPU
		{AE5861EA-0F0B-4131-BFD6-7696C2E6BCF0}.Release|Any CPU.Build.0 = Release|Any CPU
	EndGlobalSection
	GlobalSection(SolutionProperties) = preSolution
		HideSolutionNode = FALSE
	EndGlobalSection
	GlobalSection(ExtensibilityGlobals) = postSolution
		SolutionGuid = {F3750204-2683-4CAE-9728-3509F6828297}
	EndGlobalSection
EndGlobal
