
Microsoft Visual Studio Solution File, Format Version 12.00
# Visual Studio Version 17
VisualStudioVersion = 17.6.33815.320
MinimumVisualStudioVersion = 10.0.40219.1
Project("{FAE04EC0-301F-11D3-BF4B-00C04F79EFBC}") = "Inheritance", "Inheritance\Inheritance.csproj", "{207FF745-3002-427F-BE05-C9C48D9EFB4F}"
EndProject
Global
	GlobalSection(SolutionConfigurationPlatforms) = preSolution
		Debug|Any CPU = Debug|Any CPU
		Release|Any CPU = Release|Any CPU
	EndGlobalSection
	GlobalSection(ProjectConfigurationPlatforms) = postSolution
		{207FF745-3002-427F-BE05-C9C48D9EFB4F}.Debug|Any CPU.ActiveCfg = Debug|Any CPU
		{207FF745-3002-427F-BE05-C9C48D9EFB4F}.Debug|Any CPU.Build.0 = Debug|Any CPU
		{207FF745-3002-427F-BE05-C9C48D9EFB4F}.Release|Any CPU.ActiveCfg = Release|Any CPU
		{207FF745-3002-427F-BE05-C9C48D9EFB4F}.Release|Any CPU.Build.0 = Release|Any CPU
	EndGlobalSection
	GlobalSection(SolutionProperties) = preSolution
		HideSolutionNode = FALSE
	EndGlobalSection
	GlobalSection(ExtensibilityGlobals) = postSolution
		SolutionGuid = {C834D1D2-597E-4E25-845E-61500C922EA9}
	EndGlobalSection
EndGlobal
