
Microsoft Visual Studio Solution File, Format Version 12.00
# Visual Studio Version 17
VisualStudioVersion = 17.7.34031.279
MinimumVisualStudioVersion = 10.0.40219.1
Project("{FAE04EC0-301F-11D3-BF4B-00C04F79EFBC}") = "MultipleInhertance", "MultipleInhertance\MultipleInhertance.csproj", "{DA2EC069-7898-4EE6-BE84-F9A859F5EBDB}"
EndProject
Global
	GlobalSection(SolutionConfigurationPlatforms) = preSolution
		Debug|Any CPU = Debug|Any CPU
		Release|Any CPU = Release|Any CPU
	EndGlobalSection
	GlobalSection(ProjectConfigurationPlatforms) = postSolution
		{DA2EC069-7898-4EE6-BE84-F9A859F5EBDB}.Debug|Any CPU.ActiveCfg = Debug|Any CPU
		{DA2EC069-7898-4EE6-BE84-F9A859F5EBDB}.Debug|Any CPU.Build.0 = Debug|Any CPU
		{DA2EC069-7898-4EE6-BE84-F9A859F5EBDB}.Release|Any CPU.ActiveCfg = Release|Any CPU
		{DA2EC069-7898-4EE6-BE84-F9A859F5EBDB}.Release|Any CPU.Build.0 = Release|Any CPU
	EndGlobalSection
	GlobalSection(SolutionProperties) = preSolution
		HideSolutionNode = FALSE
	EndGlobalSection
	GlobalSection(ExtensibilityGlobals) = postSolution
		SolutionGuid = {160B9203-B514-4371-A884-F901794EF232}
	EndGlobalSection
EndGlobal
