
Microsoft Visual Studio Solution File, Format Version 12.00
# Visual Studio Version 17
VisualStudioVersion = 17.7.34031.279
MinimumVisualStudioVersion = 10.0.40219.1
Project("{FAE04EC0-301F-11D3-BF4B-00C04F79EFBC}") = "ParallelProgrammimg", "ParallelProgrammimg\ParallelProgrammimg.csproj", "{F79A74F1-83F3-4D49-9476-109311DE6C36}"
EndProject
Global
	GlobalSection(SolutionConfigurationPlatforms) = preSolution
		Debug|Any CPU = Debug|Any CPU
		Release|Any CPU = Release|Any CPU
	EndGlobalSection
	GlobalSection(ProjectConfigurationPlatforms) = postSolution
		{F79A74F1-83F3-4D49-9476-109311DE6C36}.Debug|Any CPU.ActiveCfg = Debug|Any CPU
		{F79A74F1-83F3-4D49-9476-109311DE6C36}.Debug|Any CPU.Build.0 = Debug|Any CPU
		{F79A74F1-83F3-4D49-9476-109311DE6C36}.Release|Any CPU.ActiveCfg = Release|Any CPU
		{F79A74F1-83F3-4D49-9476-109311DE6C36}.Release|Any CPU.Build.0 = Release|Any CPU
	EndGlobalSection
	GlobalSection(SolutionProperties) = preSolution
		HideSolutionNode = FALSE
	EndGlobalSection
	GlobalSection(ExtensibilityGlobals) = postSolution
		SolutionGuid = {17A7FBFA-3570-4EA3-B435-AC260E5E1FFD}
	EndGlobalSection
EndGlobal
