
Microsoft Visual Studio Solution File, Format Version 12.00
# Visual Studio Version 17
VisualStudioVersion = 17.7.34031.279
MinimumVisualStudioVersion = 10.0.40219.1
Project("{FAE04EC0-301F-11D3-BF4B-00C04F79EFBC}") = "EmployeeDetails", "EmployeeDetails\EmployeeDetails.csproj", "{225E2CB4-9972-43C5-910D-277045F75F98}"
EndProject
Global
	GlobalSection(SolutionConfigurationPlatforms) = preSolution
		Debug|Any CPU = Debug|Any CPU
		Release|Any CPU = Release|Any CPU
	EndGlobalSection
	GlobalSection(ProjectConfigurationPlatforms) = postSolution
		{225E2CB4-9972-43C5-910D-277045F75F98}.Debug|Any CPU.ActiveCfg = Debug|Any CPU
		{225E2CB4-9972-43C5-910D-277045F75F98}.Debug|Any CPU.Build.0 = Debug|Any CPU
		{225E2CB4-9972-43C5-910D-277045F75F98}.Release|Any CPU.ActiveCfg = Release|Any CPU
		{225E2CB4-9972-43C5-910D-277045F75F98}.Release|Any CPU.Build.0 = Release|Any CPU
	EndGlobalSection
	GlobalSection(SolutionProperties) = preSolution
		HideSolutionNode = FALSE
	EndGlobalSection
	GlobalSection(ExtensibilityGlobals) = postSolution
		SolutionGuid = {B83AF217-534A-42B2-8545-49CE43A51BFE}
	EndGlobalSection
EndGlobal
