
Microsoft Visual Studio Solution File, Format Version 12.00
# Visual Studio Version 17
VisualStudioVersion = 17.7.34031.279
MinimumVisualStudioVersion = 10.0.40219.1
Project("{FAE04EC0-301F-11D3-BF4B-00C04F79EFBC}") = "AccessModifiers", "AccessModifiers\AccessModifiers.csproj", "{381594E8-A5AD-4D1F-9C94-0BE507A37C11}"
EndProject
Global
	GlobalSection(SolutionConfigurationPlatforms) = preSolution
		Debug|Any CPU = Debug|Any CPU
		Release|Any CPU = Release|Any CPU
	EndGlobalSection
	GlobalSection(ProjectConfigurationPlatforms) = postSolution
		{381594E8-A5AD-4D1F-9C94-0BE507A37C11}.Debug|Any CPU.ActiveCfg = Debug|Any CPU
		{381594E8-A5AD-4D1F-9C94-0BE507A37C11}.Debug|Any CPU.Build.0 = Debug|Any CPU
		{381594E8-A5AD-4D1F-9C94-0BE507A37C11}.Release|Any CPU.ActiveCfg = Release|Any CPU
		{381594E8-A5AD-4D1F-9C94-0BE507A37C11}.Release|Any CPU.Build.0 = Release|Any CPU
	EndGlobalSection
	GlobalSection(SolutionProperties) = preSolution
		HideSolutionNode = FALSE
	EndGlobalSection
	GlobalSection(ExtensibilityGlobals) = postSolution
		SolutionGuid = {4BF9F5D5-51E2-41FF-A984-B61DC6F75695}
	EndGlobalSection
EndGlobal
